
Microsoft Visual Studio Solution File, Format Version 12.00
# Visual Studio Version 16
VisualStudioVersion = 16.0.31911.196
MinimumVisualStudioVersion = 10.0.40219.1
Project("{FAE04EC0-301F-11D3-BF4B-00C04F79EFBC}") = "AutoClicker", "AutoClicker.csproj", "{8612A4D9-BF62-4823-815B-0E482F1785F9}"
EndProject
Global
	GlobalSection(SolutionConfigurationPlatforms) = preSolution
		Debug|Any CPU = Debug|Any CPU
		Release|Any CPU = Release|Any CPU
	EndGlobalSection
	GlobalSection(ProjectConfigurationPlatforms) = postSolution
		{8612A4D9-BF62-4823-815B-0E482F1785F9}.Debug|Any CPU.ActiveCfg = Debug|Any CPU
		{8612A4D9-BF62-4823-815B-0E482F1785F9}.Debug|Any CPU.Build.0 = Debug|Any CPU
		{8612A4D9-BF62-4823-815B-0E482F1785F9}.Release|Any CPU.ActiveCfg = Release|Any CPU
		{8612A4D9-BF62-4823-815B-0E482F1785F9}.Release|Any CPU.Build.0 = Release|Any CPU
	EndGlobalSection
	GlobalSection(SolutionProperties) = preSolution
		HideSolutionNode = FALSE
	EndGlobalSection
	GlobalSection(ExtensibilityGlobals) = postSolution
		SolutionGuid = {19E6053B-DEC6-4716-81DA-3761F11761BF}
	EndGlobalSection
EndGlobal
